
Microsoft Visual Studio Solution File, Format Version 12.00
# Visual Studio 2012
Project("{FAE04EC0-301F-11D3-BF4B-00C04F79EFBC}") = "EmptyASPX", "EmptyASPX\EmptyASPX.csproj", "{8149D57F-D76D-4002-83EA-3A0CE6B23519}"
EndProject
Project("{FAE04EC0-301F-11D3-BF4B-00C04F79EFBC}") = "EmptyASPX.Tests", "EmptyASPX.Tests\EmptyASPX.Tests.csproj", "{F6B7DB1D-2A60-4211-93C6-C5E40C5102AD}"
EndProject
Project("{FAE04EC0-301F-11D3-BF4B-00C04F79EFBC}") = "EmptyRazor", "EmptyRazor\EmptyRazor.csproj", "{44CBB596-035D-4018-91BD-76693043E885}"
EndProject
Project("{FAE04EC0-301F-11D3-BF4B-00C04F79EFBC}") = "EmptyRazor.Tests", "EmptyRazor.Tests\EmptyRazor.Tests.csproj", "{576C9773-52FF-4C93-BB11-C6D3AD338424}"
EndProject
Project("{FAE04EC0-301F-11D3-BF4B-00C04F79EFBC}") = "BasicASPX", "BasicASPX\BasicASPX.csproj", "{1A0B77D1-49F3-490D-8BD3-8FFA1FC5C9D6}"
EndProject
Project("{FAE04EC0-301F-11D3-BF4B-00C04F79EFBC}") = "BasicASPX.Tests", "BasicASPX.Tests\BasicASPX.Tests.csproj", "{3A8D44B1-3F4D-4F50-850C-15D90E241FB0}"
EndProject
Project("{FAE04EC0-301F-11D3-BF4B-00C04F79EFBC}") = "BasicRazor", "BasicRazor\BasicRazor.csproj", "{5E7D02FF-77C9-41EA-A859-9D8311DA1FD3}"
EndProject
Project("{FAE04EC0-301F-11D3-BF4B-00C04F79EFBC}") = "BasicRazor.Tests", "BasicRazor.Tests\BasicRazor.Tests.csproj", "{6A6DEA4A-E6FB-4DDD-9FC3-CD51A294B416}"
EndProject
Project("{FAE04EC0-301F-11D3-BF4B-00C04F79EFBC}") = "InternetASPX", "InternetASPX\InternetASPX.csproj", "{183C3338-5B18-42F9-8B34-8AFA4AAB3F02}"
EndProject
Project("{FAE04EC0-301F-11D3-BF4B-00C04F79EFBC}") = "InternetASPX.Tests", "InternetASPX.Tests\InternetASPX.Tests.csproj", "{B5C43390-5B16-45CE-85EB-4BF73B569F75}"
EndProject
Project("{FAE04EC0-301F-11D3-BF4B-00C04F79EFBC}") = "InternetRazor", "InternetRazor\InternetRazor.csproj", "{7CD5E1AC-138A-4B1B-B8F6-4B5E5AE38531}"
EndProject
Project("{FAE04EC0-301F-11D3-BF4B-00C04F79EFBC}") = "InternetRazor.Tests", "InternetRazor.Tests\InternetRazor.Tests.csproj", "{218748ED-2B3D-4604-BEDE-F364840ED4E2}"
EndProject
Project("{FAE04EC0-301F-11D3-BF4B-00C04F79EFBC}") = "IntranetASPX", "IntranetASPX\IntranetASPX.csproj", "{6BE51C14-D234-483C-82A6-D5493239552C}"
EndProject
Project("{FAE04EC0-301F-11D3-BF4B-00C04F79EFBC}") = "IntranetASPX.Tests", "IntranetASPX.Tests\IntranetASPX.Tests.csproj", "{1FF48C45-983D-4F54-A817-FAF52B7A618F}"
EndProject
Project("{FAE04EC0-301F-11D3-BF4B-00C04F79EFBC}") = "IntranetRazor", "IntranetRazor\IntranetRazor.csproj", "{C6F22B2C-0D38-4A81-A47A-7A467CF5C0D8}"
EndProject
Project("{FAE04EC0-301F-11D3-BF4B-00C04F79EFBC}") = "IntranetRazor.Tests", "IntranetRazor.Tests\IntranetRazor.Tests.csproj", "{611B81C8-2A70-4E31-B3BF-5760D3AC3DD8}"
EndProject
Project("{FAE04EC0-301F-11D3-BF4B-00C04F79EFBC}") = "MobileASPX", "MobileASPX\MobileASPX.csproj", "{3ACE3BD2-83BE-4E1D-8A12-145CE70BCA50}"
EndProject
Project("{FAE04EC0-301F-11D3-BF4B-00C04F79EFBC}") = "MobileASPX.Tests", "MobileASPX.Tests\MobileASPX.Tests.csproj", "{A026EC58-393D-4248-8972-20100A133880}"
EndProject
Project("{FAE04EC0-301F-11D3-BF4B-00C04F79EFBC}") = "MobileRazor", "MobileRazor\MobileRazor.csproj", "{9B9507F7-D443-4671-837D-9DA071F31AD2}"
EndProject
Project("{FAE04EC0-301F-11D3-BF4B-00C04F79EFBC}") = "MobileRazor.Tests", "MobileRazor.Tests\MobileRazor.Tests.csproj", "{A93BDFD2-78C1-40BF-AD21-2997778A04B0}"
EndProject
Project("{FAE04EC0-301F-11D3-BF4B-00C04F79EFBC}") = "WebAPI", "WebAPI\WebAPI.csproj", "{17B6449B-FE7D-4E23-9259-0A4D52E2FDF5}"
EndProject
Project("{FAE04EC0-301F-11D3-BF4B-00C04F79EFBC}") = "WebAPI.Tests", "WebAPI.Tests\WebAPI.Tests.csproj", "{AF7A7983-A262-4E5A-8BFA-30A86017A0C9}"
EndProject
Global
	GlobalSection(SolutionConfigurationPlatforms) = preSolution
		Debug|Any CPU = Debug|Any CPU
		Release|Any CPU = Release|Any CPU
	EndGlobalSection
	GlobalSection(ProjectConfigurationPlatforms) = postSolution
		{8149D57F-D76D-4002-83EA-3A0CE6B23519}.Debug|Any CPU.ActiveCfg = Debug|Any CPU
		{8149D57F-D76D-4002-83EA-3A0CE6B23519}.Debug|Any CPU.Build.0 = Debug|Any CPU
		{8149D57F-D76D-4002-83EA-3A0CE6B23519}.Release|Any CPU.ActiveCfg = Release|Any CPU
		{8149D57F-D76D-4002-83EA-3A0CE6B23519}.Release|Any CPU.Build.0 = Release|Any CPU
		{F6B7DB1D-2A60-4211-93C6-C5E40C5102AD}.Debug|Any CPU.ActiveCfg = Debug|Any CPU
		{F6B7DB1D-2A60-4211-93C6-C5E40C5102AD}.Debug|Any CPU.Build.0 = Debug|Any CPU
		{F6B7DB1D-2A60-4211-93C6-C5E40C5102AD}.Release|Any CPU.ActiveCfg = Release|Any CPU
		{F6B7DB1D-2A60-4211-93C6-C5E40C5102AD}.Release|Any CPU.Build.0 = Release|Any CPU
		{44CBB596-035D-4018-91BD-76693043E885}.Debug|Any CPU.ActiveCfg = Debug|Any CPU
		{44CBB596-035D-4018-91BD-76693043E885}.Debug|Any CPU.Build.0 = Debug|Any CPU
		{44CBB596-035D-4018-91BD-76693043E885}.Release|Any CPU.ActiveCfg = Release|Any CPU
		{44CBB596-035D-4018-91BD-76693043E885}.Release|Any CPU.Build.0 = Release|Any CPU
		{576C9773-52FF-4C93-BB11-C6D3AD338424}.Debug|Any CPU.ActiveCfg = Debug|Any CPU
		{576C9773-52FF-4C93-BB11-C6D3AD338424}.Debug|Any CPU.Build.0 = Debug|Any CPU
		{576C9773-52FF-4C93-BB11-C6D3AD338424}.Release|Any CPU.ActiveCfg = Release|Any CPU
		{576C9773-52FF-4C93-BB11-C6D3AD338424}.Release|Any CPU.Build.0 = Release|Any CPU
		{1A0B77D1-49F3-490D-8BD3-8FFA1FC5C9D6}.Debug|Any CPU.ActiveCfg = Debug|Any CPU
		{1A0B77D1-49F3-490D-8BD3-8FFA1FC5C9D6}.Debug|Any CPU.Build.0 = Debug|Any CPU
		{1A0B77D1-49F3-490D-8BD3-8FFA1FC5C9D6}.Release|Any CPU.ActiveCfg = Release|Any CPU
		{1A0B77D1-49F3-490D-8BD3-8FFA1FC5C9D6}.Release|Any CPU.Build.0 = Release|Any CPU
		{3A8D44B1-3F4D-4F50-850C-15D90E241FB0}.Debug|Any CPU.ActiveCfg = Debug|Any CPU
		{3A8D44B1-3F4D-4F50-850C-15D90E241FB0}.Debug|Any CPU.Build.0 = Debug|Any CPU
		{3A8D44B1-3F4D-4F50-850C-15D90E241FB0}.Release|Any CPU.ActiveCfg = Release|Any CPU
		{3A8D44B1-3F4D-4F50-850C-15D90E241FB0}.Release|Any CPU.Build.0 = Release|Any CPU
		{5E7D02FF-77C9-41EA-A859-9D8311DA1FD3}.Debug|Any CPU.ActiveCfg = Debug|Any CPU
		{5E7D02FF-77C9-41EA-A859-9D8311DA1FD3}.Debug|Any CPU.Build.0 = Debug|Any CPU
		{5E7D02FF-77C9-41EA-A859-9D8311DA1FD3}.Release|Any CPU.ActiveCfg = Release|Any CPU
		{5E7D02FF-77C9-41EA-A859-9D8311DA1FD3}.Release|Any CPU.Build.0 = Release|Any CPU
		{6A6DEA4A-E6FB-4DDD-9FC3-CD51A294B416}.Debug|Any CPU.ActiveCfg = Debug|Any CPU
		{6A6DEA4A-E6FB-4DDD-9FC3-CD51A294B416}.Debug|Any CPU.Build.0 = Debug|Any CPU
		{6A6DEA4A-E6FB-4DDD-9FC3-CD51A294B416}.Release|Any CPU.ActiveCfg = Release|Any CPU
		{6A6DEA4A-E6FB-4DDD-9FC3-CD51A294B416}.Release|Any CPU.Build.0 = Release|Any CPU
		{183C3338-5B18-42F9-8B34-8AFA4AAB3F02}.Debug|Any CPU.ActiveCfg = Debug|Any CPU
		{183C3338-5B18-42F9-8B34-8AFA4AAB3F02}.Debug|Any CPU.Build.0 = Debug|Any CPU
		{183C3338-5B18-42F9-8B34-8AFA4AAB3F02}.Release|Any CPU.ActiveCfg = Release|Any CPU
		{183C3338-5B18-42F9-8B34-8AFA4AAB3F02}.Release|Any CPU.Build.0 = Release|Any CPU
		{B5C43390-5B16-45CE-85EB-4BF73B569F75}.Debug|Any CPU.ActiveCfg = Debug|Any CPU
		{B5C43390-5B16-45CE-85EB-4BF73B569F75}.Debug|Any CPU.Build.0 = Debug|Any CPU
		{B5C43390-5B16-45CE-85EB-4BF73B569F75}.Release|Any CPU.ActiveCfg = Release|Any CPU
		{B5C43390-5B16-45CE-85EB-4BF73B569F75}.Release|Any CPU.Build.0 = Release|Any CPU
		{7CD5E1AC-138A-4B1B-B8F6-4B5E5AE38531}.Debug|Any CPU.ActiveCfg = Debug|Any CPU
		{7CD5E1AC-138A-4B1B-B8F6-4B5E5AE38531}.Debug|Any CPU.Build.0 = Debug|Any CPU
		{7CD5E1AC-138A-4B1B-B8F6-4B5E5AE38531}.Release|Any CPU.ActiveCfg = Release|Any CPU
		{7CD5E1AC-138A-4B1B-B8F6-4B5E5AE38531}.Release|Any CPU.Build.0 = Release|Any CPU
		{218748ED-2B3D-4604-BEDE-F364840ED4E2}.Debug|Any CPU.ActiveCfg = Debug|Any CPU
		{218748ED-2B3D-4604-BEDE-F364840ED4E2}.Debug|Any CPU.Build.0 = Debug|Any CPU
		{218748ED-2B3D-4604-BEDE-F364840ED4E2}.Release|Any CPU.ActiveCfg = Release|Any CPU
		{218748ED-2B3D-4604-BEDE-F364840ED4E2}.Release|Any CPU.Build.0 = Release|Any CPU
		{6BE51C14-D234-483C-82A6-D5493239552C}.Debug|Any CPU.ActiveCfg = Debug|Any CPU
		{6BE51C14-D234-483C-82A6-D5493239552C}.Debug|Any CPU.Build.0 = Debug|Any CPU
		{6BE51C14-D234-483C-82A6-D5493239552C}.Release|Any CPU.ActiveCfg = Release|Any CPU
		{6BE51C14-D234-483C-82A6-D5493239552C}.Release|Any CPU.Build.0 = Release|Any CPU
		{1FF48C45-983D-4F54-A817-FAF52B7A618F}.Debug|Any CPU.ActiveCfg = Debug|Any CPU
		{1FF48C45-983D-4F54-A817-FAF52B7A618F}.Debug|Any CPU.Build.0 = Debug|Any CPU
		{1FF48C45-983D-4F54-A817-FAF52B7A618F}.Release|Any CPU.ActiveCfg = Release|Any CPU
		{1FF48C45-983D-4F54-A817-FAF52B7A618F}.Release|Any CPU.Build.0 = Release|Any CPU
		{C6F22B2C-0D38-4A81-A47A-7A467CF5C0D8}.Debug|Any CPU.ActiveCfg = Debug|Any CPU
		{C6F22B2C-0D38-4A81-A47A-7A467CF5C0D8}.Debug|Any CPU.Build.0 = Debug|Any CPU
		{C6F22B2C-0D38-4A81-A47A-7A467CF5C0D8}.Release|Any CPU.ActiveCfg = Release|Any CPU
		{C6F22B2C-0D38-4A81-A47A-7A467CF5C0D8}.Release|Any CPU.Build.0 = Release|Any CPU
		{611B81C8-2A70-4E31-B3BF-5760D3AC3DD8}.Debug|Any CPU.ActiveCfg = Debug|Any CPU
		{611B81C8-2A70-4E31-B3BF-5760D3AC3DD8}.Debug|Any CPU.Build.0 = Debug|Any CPU
		{611B81C8-2A70-4E31-B3BF-5760D3AC3DD8}.Release|Any CPU.ActiveCfg = Release|Any CPU
		{611B81C8-2A70-4E31-B3BF-5760D3AC3DD8}.Release|Any CPU.Build.0 = Release|Any CPU
		{3ACE3BD2-83BE-4E1D-8A12-145CE70BCA50}.Debug|Any CPU.ActiveCfg = Debug|Any CPU
		{3ACE3BD2-83BE-4E1D-8A12-145CE70BCA50}.Debug|Any CPU.Build.0 = Debug|Any CPU
		{3ACE3BD2-83BE-4E1D-8A12-145CE70BCA50}.Release|Any CPU.ActiveCfg = Release|Any CPU
		{3ACE3BD2-83BE-4E1D-8A12-145CE70BCA50}.Release|Any CPU.Build.0 = Release|Any CPU
		{A026EC58-393D-4248-8972-20100A133880}.Debug|Any CPU.ActiveCfg = Debug|Any CPU
		{A026EC58-393D-4248-8972-20100A133880}.Debug|Any CPU.Build.0 = Debug|Any CPU
		{A026EC58-393D-4248-8972-20100A133880}.Release|Any CPU.ActiveCfg = Release|Any CPU
		{A026EC58-393D-4248-8972-20100A133880}.Release|Any CPU.Build.0 = Release|Any CPU
		{9B9507F7-D443-4671-837D-9DA071F31AD2}.Debug|Any CPU.ActiveCfg = Debug|Any CPU
		{9B9507F7-D443-4671-837D-9DA071F31AD2}.Debug|Any CPU.Build.0 = Debug|Any CPU
		{9B9507F7-D443-4671-837D-9DA071F31AD2}.Release|Any CPU.ActiveCfg = Release|Any CPU
		{9B9507F7-D443-4671-837D-9DA071F31AD2}.Release|Any CPU.Build.0 = Release|Any CPU
		{A93BDFD2-78C1-40BF-AD21-2997778A04B0}.Debug|Any CPU.ActiveCfg = Debug|Any CPU
		{A93BDFD2-78C1-40BF-AD21-2997778A04B0}.Debug|Any CPU.Build.0 = Debug|Any CPU
		{A93BDFD2-78C1-40BF-AD21-2997778A04B0}.Release|Any CPU.ActiveCfg = Release|Any CPU
		{A93BDFD2-78C1-40BF-AD21-2997778A04B0}.Release|Any CPU.Build.0 = Release|Any CPU
		{17B6449B-FE7D-4E23-9259-0A4D52E2FDF5}.Debug|Any CPU.ActiveCfg = Debug|Any CPU
		{17B6449B-FE7D-4E23-9259-0A4D52E2FDF5}.Debug|Any CPU.Build.0 = Debug|Any CPU
		{17B6449B-FE7D-4E23-9259-0A4D52E2FDF5}.Release|Any CPU.ActiveCfg = Release|Any CPU
		{17B6449B-FE7D-4E23-9259-0A4D52E2FDF5}.Release|Any CPU.Build.0 = Release|Any CPU
		{AF7A7983-A262-4E5A-8BFA-30A86017A0C9}.Debug|Any CPU.ActiveCfg = Debug|Any CPU
		{AF7A7983-A262-4E5A-8BFA-30A86017A0C9}.Debug|Any CPU.Build.0 = Debug|Any CPU
		{AF7A7983-A262-4E5A-8BFA-30A86017A0C9}.Release|Any CPU.ActiveCfg = Release|Any CPU
		{AF7A7983-A262-4E5A-8BFA-30A86017A0C9}.Release|Any CPU.Build.0 = Release|Any CPU
	EndGlobalSection
	GlobalSection(SolutionProperties) = preSolution
		HideSolutionNode = FALSE
	EndGlobalSection
EndGlobal
